<Solution>
  <Folder Name="/DOTNET/">
    <Project Path="DOTNET/ClassWork/ClassWork.csproj" />
    <Project Path="DOTNET/ClassWork3/ClassWork3.csproj" />
    <Project Path="DOTNET/ClassWork4/ClassWork4.csproj" />
    <Project Path="DOTNET/ClassWork5/ClassWork5.csproj" />
    <Project Path="DOTNET/ManualPrograms/ManualPrograms.csproj" />
  </Folder>
  <Project Path="ArithmaticOperations/ArithmaticOperations.csproj" />
  <Project Path="BankingApp/BankingApp.csproj" />
  <Project Path="ClassWork/ClassWork.csproj" />
  <Project Path="HierarchealInheritance/HierarchealInheritance.csproj" />
  <Project Path="MultiLevelInheritance/MultiLevelInheritance.csproj" />
  <Project Path="OOPs/OOPs.csproj" />
  <Project Path="Patterns/Patterns.csproj" />
  <Project Path="Ploymorphism/Ploymorphism.csproj" />
  <Project Path="Polymorphism/Polymorphism.csproj" />
  <Project Path="SingleLevelInheritance/SingleLevelInheritance.csproj" />
</Solution>
